
Microsoft Visual Studio Solution File, Format Version 12.00
# Visual Studio Version 17
VisualStudioVersion = 17.4.33213.308
MinimumVisualStudioVersion = 10.0.40219.1
Project("{2150E333-8FDC-42A3-9474-1A3956D46DE8}") = "Backend", "Backend", "{4F0044CE-D7F8-4D93-8EBB-19D5D3BE7478}"
EndProject
Project("{2150E333-8FDC-42A3-9474-1A3956D46DE8}") = "Services", "Services", "{819EB0B7-9491-48DE-BC6C-0BF611E93692}"
EndProject
Project("{FAE04EC0-301F-11D3-BF4B-00C04F79EFBC}") = "CatalogApi", "Backend\Services\Catalog\CatalogApi\CatalogApi.csproj", "{5FE17E1D-CEF6-4D5F-BBDC-213A59C3C7C1}"
EndProject
Global
	GlobalSection(SolutionConfigurationPlatforms) = preSolution
		Debug|Any CPU = Debug|Any CPU
		Release|Any CPU = Release|Any CPU
	EndGlobalSection
	GlobalSection(ProjectConfigurationPlatforms) = postSolution
		{5FE17E1D-CEF6-4D5F-BBDC-213A59C3C7C1}.Debug|Any CPU.ActiveCfg = Debug|Any CPU
		{5FE17E1D-CEF6-4D5F-BBDC-213A59C3C7C1}.Debug|Any CPU.Build.0 = Debug|Any CPU
		{5FE17E1D-CEF6-4D5F-BBDC-213A59C3C7C1}.Release|Any CPU.ActiveCfg = Release|Any CPU
		{5FE17E1D-CEF6-4D5F-BBDC-213A59C3C7C1}.Release|Any CPU.Build.0 = Release|Any CPU
	EndGlobalSection
	GlobalSection(SolutionProperties) = preSolution
		HideSolutionNode = FALSE
	EndGlobalSection
	GlobalSection(NestedProjects) = preSolution
		{819EB0B7-9491-48DE-BC6C-0BF611E93692} = {4F0044CE-D7F8-4D93-8EBB-19D5D3BE7478}
		{5FE17E1D-CEF6-4D5F-BBDC-213A59C3C7C1} = {819EB0B7-9491-48DE-BC6C-0BF611E93692}
	EndGlobalSection
	GlobalSection(ExtensibilityGlobals) = postSolution
		SolutionGuid = {B47CFEAD-CC1E-4105-9A26-80178249979B}
	EndGlobalSection
EndGlobal
